// !$*UTF8*$!
{
	archiveVersion = 1;
	classes = {
	};
	objectVersion = 48;
	objects = {

/* Begin PBXBuildFile section */
		04D487B6537BD72284CDED28 /* Pods_iNorrisJokes.framework in Frameworks */ = {isa = PBXBuildFile; fileRef = FFB17E3E7743EAACE0F12241 /* Pods_iNorrisJokes.framework */; };
		E64500B02058CC7F00A924DF /* LoggedInVC.swift in Sources */ = {isa = PBXBuildFile; fileRef = E64500AF2058CC7F00A924DF /* LoggedInVC.swift */; };
		E674DDC420582CAB0061AEDA /* AppDelegate.swift in Sources */ = {isa = PBXBuildFile; fileRef = E674DDC320582CAB0061AEDA /* AppDelegate.swift */; };
		E674DDC620582CAB0061AEDA /* ViewController.swift in Sources */ = {isa = PBXBuildFile; fileRef = E674DDC520582CAB0061AEDA /* ViewController.swift */; };
		E674DDC920582CAB0061AEDA /* Main.storyboard in Resources */ = {isa = PBXBuildFile; fileRef = E674DDC720582CAB0061AEDA /* Main.storyboard */; };
		E674DDCB20582CAB0061AEDA /* Assets.xcassets in Resources */ = {isa = PBXBuildFile; fileRef = E674DDCA20582CAB0061AEDA /* Assets.xcassets */; };
		E674DDCE20582CAB0061AEDA /* LaunchScreen.storyboard in Resources */ = {isa = PBXBuildFile; fileRef = E674DDCC20582CAB0061AEDA /* LaunchScreen.storyboard */; };
		E674DDD620582D010061AEDA /* GoogleService-Info.plist in Resources */ = {isa = PBXBuildFile; fileRef = E674DDD520582D010061AEDA /* GoogleService-Info.plist */; };
		E674DDD82058359A0061AEDA /* img in Resources */ = {isa = PBXBuildFile; fileRef = E674DDD72058359A0061AEDA /* img */; };
/* End PBXBuildFile section */

/* Begin PBXFileReference section */
		24FE2FC52CC5CEE7F71848E8 /* Pods-iNorrisJokes.release.xcconfig */ = {isa = PBXFileReference; includeInIndex = 1; lastKnownFileType = text.xcconfig; name = "Pods-iNorrisJokes.release.xcconfig"; path = "Pods/Target Support Files/Pods-iNorrisJokes/Pods-iNorrisJokes.release.xcconfig"; sourceTree = "<group>"; };
		991E25C9CC4BE91243708B1C /* Pods-iNorrisJokes.debug.xcconfig */ = {isa = PBXFileReference; includeInIndex = 1; lastKnownFileType = text.xcconfig; name = "Pods-iNorrisJokes.debug.xcconfig"; path = "Pods/Target Support Files/Pods-iNorrisJokes/Pods-iNorrisJokes.debug.xcconfig"; sourceTree = "<group>"; };
		E64500AF2058CC7F00A924DF /* LoggedInVC.swift */ = {isa = PBXFileReference; lastKnownFileType = sourcecode.swift; path = LoggedInVC.swift; sourceTree = "<group>"; };
		E674DDC020582CAB0061AEDA /* iNorrisJokes.app */ = {isa = PBXFileReference; explicitFileType = wrapper.application; includeInIndex = 0; path = iNorrisJokes.app; sourceTree = BUILT_PRODUCTS_DIR; };
		E674DDC320582CAB0061AEDA /* AppDelegate.swift */ = {isa = PBXFileReference; lastKnownFileType = sourcecode.swift; path = AppDelegate.swift; sourceTree = "<group>"; };
		E674DDC520582CAB0061AEDA /* ViewController.swift */ = {isa = PBXFileReference; lastKnownFileType = sourcecode.swift; path = ViewController.swift; sourceTree = "<group>"; };
		E674DDC820582CAB0061AEDA /* Base */ = {isa = PBXFileReference; lastKnownFileType = file.storyboard; name = Base; path = Base.lproj/Main.storyboard; sourceTree = "<group>"; };
		E674DDCA20582CAB0061AEDA /* Assets.xcassets */ = {isa = PBXFileReference; lastKnownFileType = folder.assetcatalog; path = Assets.xcassets; sourceTree = "<group>"; };
		E674DDCD20582CAB0061AEDA /* Base */ = {isa = PBXFileReference; lastKnownFileType = file.storyboard; name = Base; path = Base.lproj/LaunchScreen.storyboard; sourceTree = "<group>"; };
		E674DDCF20582CAB0061AEDA /* Info.plist */ = {isa = PBXFileReference; lastKnownFileType = text.plist.xml; path = Info.plist; sourceTree = "<group>"; };
		E674DDD520582D010061AEDA /* GoogleService-Info.plist */ = {isa = PBXFileReference; fileEncoding = 4; lastKnownFileType = text.plist.xml; path = "GoogleService-Info.plist"; sourceTree = "<group>"; };
		E674DDD72058359A0061AEDA /* img */ = {isa = PBXFileReference; lastKnownFileType = folder; path = img; sourceTree = SOURCE_ROOT; };
		FFB17E3E7743EAACE0F12241 /* Pods_iNorrisJokes.framework */ = {isa = PBXFileReference; explicitFileType = wrapper.framework; includeInIndex = 0; path = Pods_iNorrisJokes.framework; sourceTree = BUILT_PRODUCTS_DIR; };
/* End PBXFileReference section */

/* Begin PBXFrameworksBuildPhase section */
		E674DDBD20582CAB0061AEDA /* Frameworks */ = {
			isa = PBXFrameworksBuildPhase;
			buildActionMask = 2147483647;
			files = (
				04D487B6537BD72284CDED28 /* Pods_iNorrisJokes.framework in Frameworks */,
			);
			runOnlyForDeploymentPostprocessing = 0;
		};
/* End PBXFrameworksBuildPhase section */

/* Begin PBXGroup section */
		2696221076D2039D8594F7CB /* Pods */ = {
			isa = PBXGroup;
			children = (
				991E25C9CC4BE91243708B1C /* Pods-iNorrisJokes.debug.xcconfig */,
				24FE2FC52CC5CEE7F71848E8 /* Pods-iNorrisJokes.release.xcconfig */,
			);
			name = Pods;
			sourceTree = "<group>";
		};
		E674DDB720582CAB0061AEDA = {
			isa = PBXGroup;
			children = (
				E674DDC220582CAB0061AEDA /* iNorrisJokes */,
				E674DDC120582CAB0061AEDA /* Products */,
				2696221076D2039D8594F7CB /* Pods */,
				F4087CCB7C67F3742E6D1119 /* Frameworks */,
			);
			sourceTree = "<group>";
		};
		E674DDC120582CAB0061AEDA /* Products */ = {
			isa = PBXGroup;
			children = (
				E674DDC020582CAB0061AEDA /* iNorrisJokes.app */,
			);
			name = Products;
			sourceTree = "<group>";
		};
		E674DDC220582CAB0061AEDA /* iNorrisJokes */ = {
			isa = PBXGroup;
			children = (
				E674DDC320582CAB0061AEDA /* AppDelegate.swift */,
				E674DDC520582CAB0061AEDA /* ViewController.swift */,
				E64500AF2058CC7F00A924DF /* LoggedInVC.swift */,
				E674DDC720582CAB0061AEDA /* Main.storyboard */,
				E674DDCA20582CAB0061AEDA /* Assets.xcassets */,
				E674DDCC20582CAB0061AEDA /* LaunchScreen.storyboard */,
				E674DDD520582D010061AEDA /* GoogleService-Info.plist */,
				E674DDCF20582CAB0061AEDA /* Info.plist */,
				E674DDD72058359A0061AEDA /* img */,
			);
			path = iNorrisJokes;
			sourceTree = "<group>";
		};
		F4087CCB7C67F3742E6D1119 /* Frameworks */ = {
			isa = PBXGroup;
			children = (
				FFB17E3E7743EAACE0F12241 /* Pods_iNorrisJokes.framework */,
			);
			name = Frameworks;
			sourceTree = "<group>";
		};
/* End PBXGroup section */

/* Begin PBXNativeTarget section */
		E674DDBF20582CAB0061AEDA /* iNorrisJokes */ = {
			isa = PBXNativeTarget;
			buildConfigurationList = E674DDD220582CAB0061AEDA /* Build configuration list for PBXNativeTarget "iNorrisJokes" */;
			buildPhases = (
				EE1962E342282EF5D4382925 /* [CP] Check Pods Manifest.lock */,
				E674DDBC20582CAB0061AEDA /* Sources */,
				E674DDBD20582CAB0061AEDA /* Frameworks */,
				E674DDBE20582CAB0061AEDA /* Resources */,
				27B95CE3424E2C8A6C422739 /* [CP] Embed Pods Frameworks */,
				C446B4B7633F842984CD49A9 /* [CP] Copy Pods Resources */,
			);
			buildRules = (
			);
			dependencies = (
			);
			name = iNorrisJokes;
			productName = iNorrisJokes;
			productReference = E674DDC020582CAB0061AEDA /* iNorrisJokes.app */;
			productType = "com.apple.product-type.application";
		};
/* End PBXNativeTarget section */

/* Begin PBXProject section */
		E674DDB820582CAB0061AEDA /* Project object */ = {
			isa = PBXProject;
			attributes = {
				LastSwiftUpdateCheck = 0920;
				LastUpgradeCheck = 0920;
				ORGANIZATIONNAME = DenMekhtiiev;
				TargetAttributes = {
					E674DDBF20582CAB0061AEDA = {
						CreatedOnToolsVersion = 9.2;
						ProvisioningStyle = Automatic;
					};
				};
			};
			buildConfigurationList = E674DDBB20582CAB0061AEDA /* Build configuration list for PBXProject "iNorrisJokes" */;
			compatibilityVersion = "Xcode 8.0";
			developmentRegion = en;
			hasScannedForEncodings = 0;
			knownRegions = (
				en,
				Base,
			);
			mainGroup = E674DDB720582CAB0061AEDA;
			productRefGroup = E674DDC120582CAB0061AEDA /* Products */;
			projectDirPath = "";
			projectRoot = "";
			targets = (
				E674DDBF20582CAB0061AEDA /* iNorrisJokes */,
			);
		};
/* End PBXProject section */

/* Begin PBXResourcesBuildPhase section */
		E674DDBE20582CAB0061AEDA /* Resources */ = {
			isa = PBXResourcesBuildPhase;
			buildActionMask = 2147483647;
			files = (
				E674DDD82058359A0061AEDA /* img in Resources */,
				E674DDCE20582CAB0061AEDA /* LaunchScreen.storyboard in Resources */,
				E674DDD620582D010061AEDA /* GoogleService-Info.plist in Resources */,
				E674DDCB20582CAB0061AEDA /* Assets.xcassets in Resources */,
				E674DDC920582CAB0061AEDA /* Main.storyboard in Resources */,
			);
			runOnlyForDeploymentPostprocessing = 0;
		};
/* End PBXResourcesBuildPhase section */

/* Begin PBXShellScriptBuildPhase section */
		27B95CE3424E2C8A6C422739 /* [CP] Embed Pods Frameworks */ = {
			isa = PBXShellScriptBuildPhase;
			buildActionMask = 2147483647;
			files = (
			);
			inputPaths = (
				"${SRCROOT}/Pods/Target Support Files/Pods-iNorrisJokes/Pods-iNorrisJokes-frameworks.sh",
				"${BUILT_PRODUCTS_DIR}/GTMSessionFetcher/GTMSessionFetcher.framework",
				"${BUILT_PRODUCTS_DIR}/GoogleToolboxForMac/GoogleToolboxForMac.framework",
				"${BUILT_PRODUCTS_DIR}/leveldb-library/leveldb.framework",
				"${BUILT_PRODUCTS_DIR}/nanopb/nanopb.framework",
			);
			name = "[CP] Embed Pods Frameworks";
			outputPaths = (
				"${TARGET_BUILD_DIR}/${FRAMEWORKS_FOLDER_PATH}/GTMSessionFetcher.framework",
				"${TARGET_BUILD_DIR}/${FRAMEWORKS_FOLDER_PATH}/GoogleToolboxForMac.framework",
				"${TARGET_BUILD_DIR}/${FRAMEWORKS_FOLDER_PATH}/leveldb.framework",
				"${TARGET_BUILD_DIR}/${FRAMEWORKS_FOLDER_PATH}/nanopb.framework",
			);
			runOnlyForDeploymentPostprocessing = 0;
			shellPath = /bin/sh;
			shellScript = "\"${SRCROOT}/Pods/Target Support Files/Pods-iNorrisJokes/Pods-iNorrisJokes-frameworks.sh\"\n";
			showEnvVarsInLog = 0;
		};
		C446B4B7633F842984CD49A9 /* [CP] Copy Pods Resources */ = {
			isa = PBXShellScriptBuildPhase;
			buildActionMask = 2147483647;
			files = (
			);
			inputPaths = (
			);
			name = "[CP] Copy Pods Resources";
			outputPaths = (
			);
			runOnlyForDeploymentPostprocessing = 0;
			shellPath = /bin/sh;
			shellScript = "\"${SRCROOT}/Pods/Target Support Files/Pods-iNorrisJokes/Pods-iNorrisJokes-resources.sh\"\n";
			showEnvVarsInLog = 0;
		};
		EE1962E342282EF5D4382925 /* [CP] Check Pods Manifest.lock */ = {
			isa = PBXShellScriptBuildPhase;
			buildActionMask = 2147483647;
			files = (
			);
			inputPaths = (
				"${PODS_PODFILE_DIR_PATH}/Podfile.lock",
				"${PODS_ROOT}/Manifest.lock",
			);
			name = "[CP] Check Pods Manifest.lock";
			outputPaths = (
				"$(DERIVED_FILE_DIR)/Pods-iNorrisJokes-checkManifestLockResult.txt",
			);
			runOnlyForDeploymentPostprocessing = 0;
			shellPath = /bin/sh;
			shellScript = "diff \"${PODS_PODFILE_DIR_PATH}/Podfile.lock\" \"${PODS_ROOT}/Manifest.lock\" > /dev/null\nif [ $? != 0 ] ; then\n    # print error to STDERR\n    echo \"error: The sandbox is not in sync with the Podfile.lock. Run 'pod install' or update your CocoaPods installation.\" >&2\n    exit 1\nfi\n# This output is used by Xcode 'outputs' to avoid re-running this script phase.\necho \"SUCCESS\" > \"${SCRIPT_OUTPUT_FILE_0}\"\n";
			showEnvVarsInLog = 0;
		};
/* End PBXShellScriptBuildPhase section */

/* Begin PBXSourcesBuildPhase section */
		E674DDBC20582CAB0061AEDA /* Sources */ = {
			isa = PBXSourcesBuildPhase;
			buildActionMask = 2147483647;
			files = (
				E64500B02058CC7F00A924DF /* LoggedInVC.swift in Sources */,
				E674DDC620582CAB0061AEDA /* ViewController.swift in Sources */,
				E674DDC420582CAB0061AEDA /* AppDelegate.swift in Sources */,
			);
			runOnlyForDeploymentPostprocessing = 0;
		};
/* End PBXSourcesBuildPhase section */

/* Begin PBXVariantGroup section */
		E674DDC720582CAB0061AEDA /* Main.storyboard */ = {
			isa = PBXVariantGroup;
			children = (
				E674DDC820582CAB0061AEDA /* Base */,
			);
			name = Main.storyboard;
			sourceTree = "<group>";
		};
		E674DDCC20582CAB0061AEDA /* LaunchScreen.storyboard */ = {
			isa = PBXVariantGroup;
			children = (
				E674DDCD20582CAB0061AEDA /* Base */,
			);
			name = LaunchScreen.storyboard;
			sourceTree = "<group>";
		};
/* End PBXVariantGroup section */

/* Begin XCBuildConfiguration section */
		E674DDD020582CAB0061AEDA /* Debug */ = {
			isa = XCBuildConfiguration;
			buildSettings = {
				ALWAYS_SEARCH_USER_PATHS = NO;
				CLANG_ANALYZER_NONNULL = YES;
				CLANG_ANALYZER_NUMBER_OBJECT_CONVERSION = YES_AGGRESSIVE;
				CLANG_CXX_LANGUAGE_STANDARD = "gnu++14";
				CLANG_CXX_LIBRARY = "libc++";
				CLANG_ENABLE_MODULES = YES;
				CLANG_ENABLE_OBJC_ARC = YES;
				CLANG_WARN_BLOCK_CAPTURE_AUTORELEASING = YES;
				CLANG_WARN_BOOL_CONVERSION = YES;
				CLANG_WARN_COMMA = YES;
				CLANG_WARN_CONSTANT_CONVERSION = YES;
				CLANG_WARN_DIRECT_OBJC_ISA_USAGE = YES_ERROR;
				CLANG_WARN_DOCUMENTATION_COMMENTS = YES;
				CLANG_WARN_EMPTY_BODY = YES;
				CLANG_WARN_ENUM_CONVERSION = YES;
				CLANG_WARN_INFINITE_RECURSION = YES;
				CLANG_WARN_INT_CONVERSION = YES;
				CLANG_WARN_NON_LITERAL_NULL_CONVERSION = YES;
				CLANG_WARN_OBJC_LITERAL_CONVERSION = YES;
				CLANG_WARN_OBJC_ROOT_CLASS = YES_ERROR;
				CLANG_WARN_RANGE_LOOP_ANALYSIS = YES;
				CLANG_WARN_STRICT_PROTOTYPES = YES;
				CLANG_WARN_SUSPICIOUS_MOVE = YES;
				CLANG_WARN_UNGUARDED_AVAILABILITY = YES_AGGRESSIVE;
				CLANG_WARN_UNREACHABLE_CODE = YES;
				CLANG_WARN__DUPLICATE_METHOD_MATCH = YES;
				CODE_SIGN_IDENTITY = "iPhone Developer";
				COPY_PHASE_STRIP = NO;
				DEBUG_INFORMATION_FORMAT = dwarf;
				ENABLE_STRICT_OBJC_MSGSEND = YES;
				ENABLE_TESTABILITY = YES;
				GCC_C_LANGUAGE_STANDARD = gnu11;
				GCC_DYNAMIC_NO_PIC = NO;
				GCC_NO_COMMON_BLOCKS = YES;
				GCC_OPTIMIZATION_LEVEL = 0;
				GCC_PREPROCESSOR_DEFINITIONS = (
					"DEBUG=1",
					"$(inherited)",
				);
				GCC_WARN_64_TO_32_BIT_CONVERSION = YES;
				GCC_WARN_ABOUT_RETURN_TYPE = YES_ERROR;
				GCC_WARN_UNDECLARED_SELECTOR = YES;
				GCC_WARN_UNINITIALIZED_AUTOS = YES_AGGRESSIVE;
				GCC_WARN_UNUSED_FUNCTION = YES;
				GCC_WARN_UNUSED_VARIABLE = YES;
				IPHONEOS_DEPLOYMENT_TARGET = 11.2;
				MTL_ENABLE_DEBUG_INFO = YES;
				ONLY_ACTIVE_ARCH = YES;
				SDKROOT = iphoneos;
				SWIFT_ACTIVE_COMPILATION_CONDITIONS = DEBUG;
				SWIFT_OPTIMIZATION_LEVEL = "-Onone";
			};
			name = Debug;
		};
		E674DDD120582CAB0061AEDA /* Release */ = {
			isa = XCBuildConfiguration;
			buildSettings = {
				ALWAYS_SEARCH_USER_PATHS = NO;
				CLANG_ANALYZER_NONNULL = YES;
				CLANG_ANALYZER_NUMBER_OBJECT_CONVERSION = YES_AGGRESSIVE;
				CLANG_CXX_LANGUAGE_STANDARD = "gnu++14";
				CLANG_CXX_LIBRARY = "libc++";
				CLANG_ENABLE_MODULES = YES;
				CLANG_ENABLE_OBJC_ARC = YES;
				CLANG_WARN_BLOCK_CAPTURE_AUTORELEASING = YES;
				CLANG_WARN_BOOL_CONVERSION = YES;
				CLANG_WARN_COMMA = YES;
				CLANG_WARN_CONSTANT_CONVERSION = YES;
				CLANG_WARN_DIRECT_OBJC_ISA_USAGE = YES_ERROR;
				CLANG_WARN_DOCUMENTATION_COMMENTS = YES;
				CLANG_WARN_EMPTY_BODY = YES;
				CLANG_WARN_ENUM_CONVERSION = YES;
				CLANG_WARN_INFINITE_RECURSION = YES;
				CLANG_WARN_INT_CONVERSION = YES;
				CLANG_WARN_NON_LITERAL_NULL_CONVERSION = YES;
				CLANG_WARN_OBJC_LITERAL_CONVERSION = YES;
				CLANG_WARN_OBJC_ROOT_CLASS = YES_ERROR;
				CLANG_WARN_RANGE_LOOP_ANALYSIS = YES;
				CLANG_WARN_STRICT_PROTOTYPES = YES;
				CLANG_WARN_SUSPICIOUS_MOVE = YES;
				CLANG_WARN_UNGUARDED_AVAILABILITY = YES_AGGRESSIVE;
				CLANG_WARN_UNREACHABLE_CODE = YES;
				CLANG_WARN__DUPLICATE_METHOD_MATCH = YES;
				CODE_SIGN_IDENTITY = "iPhone Developer";
				COPY_PHASE_STRIP = NO;
				DEBUG_INFORMATION_FORMAT = "dwarf-with-dsym";
				ENABLE_NS_ASSERTIONS = NO;
				ENABLE_STRICT_OBJC_MSGSEND = YES;
				GCC_C_LANGUAGE_STANDARD = gnu11;
				GCC_NO_COMMON_BLOCKS = YES;
				GCC_WARN_64_TO_32_BIT_CONVERSION = YES;
				GCC_WARN_ABOUT_RETURN_TYPE = YES_ERROR;
				GCC_WARN_UNDECLARED_SELECTOR = YES;
				GCC_WARN_UNINITIALIZED_AUTOS = YES_AGGRESSIVE;
				GCC_WARN_UNUSED_FUNCTION = YES;
				GCC_WARN_UNUSED_VARIABLE = YES;
				IPHONEOS_DEPLOYMENT_TARGET = 11.2;
				MTL_ENABLE_DEBUG_INFO = NO;
				SDKROOT = iphoneos;
				SWIFT_OPTIMIZATION_LEVEL = "-Owholemodule";
				VALIDATE_PRODUCT = YES;
			};
			name = Release;
		};
		E674DDD320582CAB0061AEDA /* Debug */ = {
			isa = XCBuildConfiguration;
			baseConfigurationReference = 991E25C9CC4BE91243708B1C /* Pods-iNorrisJokes.debug.xcconfig */;
			buildSettings = {
				ASSETCATALOG_COMPILER_APPICON_NAME = AppIcon;
				CODE_SIGN_STYLE = Automatic;
				DEVELOPMENT_TEAM = B2HQB5Y9BU;
				INFOPLIST_FILE = iNorrisJokes/Info.plist;
				IPHONEOS_DEPLOYMENT_TARGET = 9.0;
				LD_RUNPATH_SEARCH_PATHS = "$(inherited) @executable_path/Frameworks";
				PRODUCT_BUNDLE_IDENTIFIER = com.kableeeee.iNorrisJokes;
				PRODUCT_NAME = "$(TARGET_NAME)";
				SWIFT_VERSION = 4.0;
				TARGETED_DEVICE_FAMILY = "1,2";
			};
			name = Debug;
		};
		E674DDD420582CAB0061AEDA /* Release */ = {
			isa = XCBuildConfiguration;
			baseConfigurationReference = 24FE2FC52CC5CEE7F71848E8 /* Pods-iNorrisJokes.release.xcconfig */;
			buildSettings = {
				ASSETCATALOG_COMPILER_APPICON_NAME = AppIcon;
				CODE_SIGN_STYLE = Automatic;
				DEVELOPMENT_TEAM = B2HQB5Y9BU;
				INFOPLIST_FILE = iNorrisJokes/Info.plist;
				IPHONEOS_DEPLOYMENT_TARGET = 9.0;
				LD_RUNPATH_SEARCH_PATHS = "$(inherited) @executable_path/Frameworks";
				PRODUCT_BUNDLE_IDENTIFIER = com.kableeeee.iNorrisJokes;
				PRODUCT_NAME = "$(TARGET_NAME)";
				SWIFT_VERSION = 4.0;
				TARGETED_DEVICE_FAMILY = "1,2";
			};
			name = Release;
		};
/* End XCBuildConfiguration section */

/* Begin XCConfigurationList section */
		E674DDBB20582CAB0061AEDA /* Build configuration list for PBXProject "iNorrisJokes" */ = {
			isa = XCConfigurationList;
			buildConfigurations = (
				E674DDD020582CAB0061AEDA /* Debug */,
				E674DDD120582CAB0061AEDA /* Release */,
			);
			defaultConfigurationIsVisible = 0;
			defaultConfigurationName = Release;
		};
		E674DDD220582CAB0061AEDA /* Build configuration list for PBXNativeTarget "iNorrisJokes" */ = {
			isa = XCConfigurationList;
			buildConfigurations = (
				E674DDD320582CAB0061AEDA /* Debug */,
				E674DDD420582CAB0061AEDA /* Release */,
			);
			defaultConfigurationIsVisible = 0;
			defaultConfigurationName = Release;
		};
/* End XCConfigurationList section */
	};
	rootObject = E674DDB820582CAB0061AEDA /* Project object */;
}
